// !$*UTF8*$!
{
	archiveVersion = 1;
	classes = {
	};
	objectVersion = 55;
	objects = {

/* Begin PBXBuildFile section */
		2F1CAA152767941900A7B8E3 /* AppDelegate.swift in Sources */ = {isa = PBXBuildFile; fileRef = 2F1CAA142767941900A7B8E3 /* AppDelegate.swift */; };
		2F1CAA172767941900A7B8E3 /* SceneDelegate.swift in Sources */ = {isa = PBXBuildFile; fileRef = 2F1CAA162767941900A7B8E3 /* SceneDelegate.swift */; };
		2F1CAA192767941900A7B8E3 /* ViewController.swift in Sources */ = {isa = PBXBuildFile; fileRef = 2F1CAA182767941900A7B8E3 /* ViewController.swift */; };
		2F1CAA1C2767941900A7B8E3 /* Main.storyboard in Resources */ = {isa = PBXBuildFile; fileRef = 2F1CAA1A2767941900A7B8E3 /* Main.storyboard */; };
		2F1CAA1F2767941900A7B8E3 /* BMITrackingApp.xcdatamodeld in Sources */ = {isa = PBXBuildFile; fileRef = 2F1CAA1D2767941900A7B8E3 /* BMITrackingApp.xcdatamodeld */; };
		2F1CAA212767941A00A7B8E3 /* Assets.xcassets in Resources */ = {isa = PBXBuildFile; fileRef = 2F1CAA202767941A00A7B8E3 /* Assets.xcassets */; };
		2F1CAA242767941A00A7B8E3 /* LaunchScreen.storyboard in Resources */ = {isa = PBXBuildFile; fileRef = 2F1CAA222767941A00A7B8E3 /* LaunchScreen.storyboard */; };
		2F8E95A3276CF0AB006B8C9A /* BMITrackingViewController.swift in Sources */ = {isa = PBXBuildFile; fileRef = 2F8E95A2276CF0AB006B8C9A /* BMITrackingViewController.swift */; };
		2F8E95C9276D3496006B8C9A /* TableViewCell.swift in Sources */ = {isa = PBXBuildFile; fileRef = 2F8E95C7276D3496006B8C9A /* TableViewCell.swift */; };
		2F8E95CA276D3496006B8C9A /* TableViewCell.xib in Resources */ = {isa = PBXBuildFile; fileRef = 2F8E95C8276D3496006B8C9A /* TableViewCell.xib */; };
		2F8E95CE276D532A006B8C9A /* BMIRecords.swift in Sources */ = {isa = PBXBuildFile; fileRef = 2F8E95CD276D5329006B8C9A /* BMIRecords.swift */; };
/* End PBXBuildFile section */

/* Begin PBXFileReference section */
		2F1CAA112767941900A7B8E3 /* BMITrackingApp.app */ = {isa = PBXFileReference; explicitFileType = wrapper.application; includeInIndex = 0; path = BMITrackingApp.app; sourceTree = BUILT_PRODUCTS_DIR; };
		2F1CAA142767941900A7B8E3 /* AppDelegate.swift */ = {isa = PBXFileReference; lastKnownFileType = sourcecode.swift; path = AppDelegate.swift; sourceTree = "<group>"; };
		2F1CAA162767941900A7B8E3 /* SceneDelegate.swift */ = {isa = PBXFileReference; lastKnownFileType = sourcecode.swift; path = SceneDelegate.swift; sourceTree = "<group>"; };
		2F1CAA182767941900A7B8E3 /* ViewController.swift */ = {isa = PBXFileReference; lastKnownFileType = sourcecode.swift; path = ViewController.swift; sourceTree = "<group>"; };
		2F1CAA1B2767941900A7B8E3 /* Base */ = {isa = PBXFileReference; lastKnownFileType = file.storyboard; name = Base; path = Base.lproj/Main.storyboard; sourceTree = "<group>"; };
		2F1CAA1E2767941900A7B8E3 /* BMITrackingApp.xcdatamodel */ = {isa = PBXFileReference; lastKnownFileType = wrapper.xcdatamodel; path = BMITrackingApp.xcdatamodel; sourceTree = "<group>"; };
		2F1CAA202767941A00A7B8E3 /* Assets.xcassets */ = {isa = PBXFileReference; lastKnownFileType = folder.assetcatalog; path = Assets.xcassets; sourceTree = "<group>"; };
		2F1CAA232767941A00A7B8E3 /* Base */ = {isa = PBXFileReference; lastKnownFileType = file.storyboard; name = Base; path = Base.lproj/LaunchScreen.storyboard; sourceTree = "<group>"; };
		2F1CAA252767941A00A7B8E3 /* Info.plist */ = {isa = PBXFileReference; lastKnownFileType = text.plist.xml; path = Info.plist; sourceTree = "<group>"; };
		2F8E95A2276CF0AB006B8C9A /* BMITrackingViewController.swift */ = {isa = PBXFileReference; lastKnownFileType = sourcecode.swift; path = BMITrackingViewController.swift; sourceTree = "<group>"; };
		2F8E95C7276D3496006B8C9A /* TableViewCell.swift */ = {isa = PBXFileReference; lastKnownFileType = sourcecode.swift; path = TableViewCell.swift; sourceTree = "<group>"; };
		2F8E95C8276D3496006B8C9A /* TableViewCell.xib */ = {isa = PBXFileReference; lastKnownFileType = file.xib; path = TableViewCell.xib; sourceTree = "<group>"; };
		2F8E95CD276D5329006B8C9A /* BMIRecords.swift */ = {isa = PBXFileReference; lastKnownFileType = sourcecode.swift; path = BMIRecords.swift; sourceTree = "<group>"; };
/* End PBXFileReference section */

/* Begin PBXFrameworksBuildPhase section */
		2F1CAA0E2767941900A7B8E3 /* Frameworks */ = {
			isa = PBXFrameworksBuildPhase;
			buildActionMask = 2147483647;
			files = (
			);
			runOnlyForDeploymentPostprocessing = 0;
		};
/* End PBXFrameworksBuildPhase section */

/* Begin PBXGroup section */
		2F1CAA082767941900A7B8E3 = {
			isa = PBXGroup;
			children = (
				2F1CAA132767941900A7B8E3 /* BMITrackingApp */,
				2F1CAA122767941900A7B8E3 /* Products */,
			);
			sourceTree = "<group>";
		};
		2F1CAA122767941900A7B8E3 /* Products */ = {
			isa = PBXGroup;
			children = (
				2F1CAA112767941900A7B8E3 /* BMITrackingApp.app */,
			);
			name = Products;
			sourceTree = "<group>";
		};
		2F1CAA132767941900A7B8E3 /* BMITrackingApp */ = {
			isa = PBXGroup;
			children = (
				2F1CAA142767941900A7B8E3 /* AppDelegate.swift */,
				2F1CAA162767941900A7B8E3 /* SceneDelegate.swift */,
				2F1CAA182767941900A7B8E3 /* ViewController.swift */,
				2F8E95A2276CF0AB006B8C9A /* BMITrackingViewController.swift */,
				2F8E95C7276D3496006B8C9A /* TableViewCell.swift */,
				2F8E95C8276D3496006B8C9A /* TableViewCell.xib */,
				2F1CAA1A2767941900A7B8E3 /* Main.storyboard */,
				2F1CAA202767941A00A7B8E3 /* Assets.xcassets */,
				2F1CAA222767941A00A7B8E3 /* LaunchScreen.storyboard */,
				2F1CAA252767941A00A7B8E3 /* Info.plist */,
				2F1CAA1D2767941900A7B8E3 /* BMITrackingApp.xcdatamodeld */,
				2F8E95CD276D5329006B8C9A /* BMIRecords.swift */,
			);
			path = BMITrackingApp;
			sourceTree = "<group>";
		};
/* End PBXGroup section */

/* Begin PBXNativeTarget section */
		2F1CAA102767941900A7B8E3 /* BMITrackingApp */ = {
			isa = PBXNativeTarget;
			buildConfigurationList = 2F1CAA282767941A00A7B8E3 /* Build configuration list for PBXNativeTarget "BMITrackingApp" */;
			buildPhases = (
				2F1CAA0D2767941900A7B8E3 /* Sources */,
				2F1CAA0E2767941900A7B8E3 /* Frameworks */,
				2F1CAA0F2767941900A7B8E3 /* Resources */,
			);
			buildRules = (
			);
			dependencies = (
			);
			name = BMITrackingApp;
			productName = BMITrackingApp;
			productReference = 2F1CAA112767941900A7B8E3 /* BMITrackingApp.app */;
			productType = "com.apple.product-type.application";
		};
/* End PBXNativeTarget section */

/* Begin PBXProject section */
		2F1CAA092767941900A7B8E3 /* Project object */ = {
			isa = PBXProject;
			attributes = {
				BuildIndependentTargetsInParallel = 1;
				LastSwiftUpdateCheck = 1310;
				LastUpgradeCheck = 1310;
				TargetAttributes = {
					2F1CAA102767941900A7B8E3 = {
						CreatedOnToolsVersion = 13.1;
					};
				};
			};
			buildConfigurationList = 2F1CAA0C2767941900A7B8E3 /* Build configuration list for PBXProject "BMITrackingApp" */;
			compatibilityVersion = "Xcode 13.0";
			developmentRegion = en;
			hasScannedForEncodings = 0;
			knownRegions = (
				en,
				Base,
			);
			mainGroup = 2F1CAA082767941900A7B8E3;
			productRefGroup = 2F1CAA122767941900A7B8E3 /* Products */;
			projectDirPath = "";
			projectRoot = "";
			targets = (
				2F1CAA102767941900A7B8E3 /* BMITrackingApp */,
			);
		};
/* End PBXProject section */

/* Begin PBXResourcesBuildPhase section */
		2F1CAA0F2767941900A7B8E3 /* Resources */ = {
			isa = PBXResourcesBuildPhase;
			buildActionMask = 2147483647;
			files = (
				2F1CAA242767941A00A7B8E3 /* LaunchScreen.storyboard in Resources */,
				2F8E95CA276D3496006B8C9A /* TableViewCell.xib in Resources */,
				2F1CAA212767941A00A7B8E3 /* Assets.xcassets in Resources */,
				2F1CAA1C2767941900A7B8E3 /* Main.storyboard in Resources */,
			);
			runOnlyForDeploymentPostprocessing = 0;
		};
/* End PBXResourcesBuildPhase section */

/* Begin PBXSourcesBuildPhase section */
		2F1CAA0D2767941900A7B8E3 /* Sources */ = {
			isa = PBXSourcesBuildPhase;
			buildActionMask = 2147483647;
			files = (
				2F1CAA192767941900A7B8E3 /* ViewController.swift in Sources */,
				2F1CAA152767941900A7B8E3 /* AppDelegate.swift in Sources */,
				2F8E95CE276D532A006B8C9A /* BMIRecords.swift in Sources */,
				2F1CAA172767941900A7B8E3 /* SceneDelegate.swift in Sources */,
				2F8E95C9276D3496006B8C9A /* TableViewCell.swift in Sources */,
				2F8E95A3276CF0AB006B8C9A /* BMITrackingViewController.swift in Sources */,
				2F1CAA1F2767941900A7B8E3 /* BMITrackingApp.xcdatamodeld in Sources */,
			);
			runOnlyForDeploymentPostprocessing = 0;
		};
/* End PBXSourcesBuildPhase section */

/* Begin PBXVariantGroup section */
		2F1CAA1A2767941900A7B8E3 /* Main.storyboard */ = {
			isa = PBXVariantGroup;
			children = (
				2F1CAA1B2767941900A7B8E3 /* Base */,
			);
			name = Main.storyboard;
			sourceTree = "<group>";
		};
		2F1CAA222767941A00A7B8E3 /* LaunchScreen.storyboard */ = {
			isa = PBXVariantGroup;
			children = (
				2F1CAA232767941A00A7B8E3 /* Base */,
			);
			name = LaunchScreen.storyboard;
			sourceTree = "<group>";
		};
/* End PBXVariantGroup section */

/* Begin XCBuildConfiguration section */
		2F1CAA262767941A00A7B8E3 /* Debug */ = {
			isa = XCBuildConfiguration;
			buildSettings = {
				ALWAYS_SEARCH_USER_PATHS = NO;
				CLANG_ANALYZER_NONNULL = YES;
				CLANG_ANALYZER_NUMBER_OBJECT_CONVERSION = YES_AGGRESSIVE;
				CLANG_CXX_LANGUAGE_STANDARD = "gnu++17";
				CLANG_CXX_LIBRARY = "libc++";
				CLANG_ENABLE_MODULES = YES;
				CLANG_ENABLE_OBJC_ARC = YES;
				CLANG_ENABLE_OBJC_WEAK = YES;
				CLANG_WARN_BLOCK_CAPTURE_AUTORELEASING = YES;
				CLANG_WARN_BOOL_CONVERSION = YES;
				CLANG_WARN_COMMA = YES;
				CLANG_WARN_CONSTANT_CONVERSION = YES;
				CLANG_WARN_DEPRECATED_OBJC_IMPLEMENTATIONS = YES;
				CLANG_WARN_DIRECT_OBJC_ISA_USAGE = YES_ERROR;
				CLANG_WARN_DOCUMENTATION_COMMENTS = YES;
				CLANG_WARN_EMPTY_BODY = YES;
				CLANG_WARN_ENUM_CONVERSION = YES;
				CLANG_WARN_INFINITE_RECURSION = YES;
				CLANG_WARN_INT_CONVERSION = YES;
				CLANG_WARN_NON_LITERAL_NULL_CONVERSION = YES;
				CLANG_WARN_OBJC_IMPLICIT_RETAIN_SELF = YES;
				CLANG_WARN_OBJC_LITERAL_CONVERSION = YES;
				CLANG_WARN_OBJC_ROOT_CLASS = YES_ERROR;
				CLANG_WARN_QUOTED_INCLUDE_IN_FRAMEWORK_HEADER = YES;
				CLANG_WARN_RANGE_LOOP_ANALYSIS = YES;
				CLANG_WARN_STRICT_PROTOTYPES = YES;
				CLANG_WARN_SUSPICIOUS_MOVE = YES;
				CLANG_WARN_UNGUARDED_AVAILABILITY = YES_AGGRESSIVE;
				CLANG_WARN_UNREACHABLE_CODE = YES;
				CLANG_WARN__DUPLICATE_METHOD_MATCH = YES;
				COPY_PHASE_STRIP = NO;
				DEBUG_INFORMATION_FORMAT = dwarf;
				ENABLE_STRICT_OBJC_MSGSEND = YES;
				ENABLE_TESTABILITY = YES;
				GCC_C_LANGUAGE_STANDARD = gnu11;
				GCC_DYNAMIC_NO_PIC = NO;
				GCC_NO_COMMON_BLOCKS = YES;
				GCC_OPTIMIZATION_LEVEL = 0;
				GCC_PREPROCESSOR_DEFINITIONS = (
					"DEBUG=1",
					"$(inherited)",
				);
				GCC_WARN_64_TO_32_BIT_CONVERSION = YES;
				GCC_WARN_ABOUT_RETURN_TYPE = YES_ERROR;
				GCC_WARN_UNDECLARED_SELECTOR = YES;
				GCC_WARN_UNINITIALIZED_AUTOS = YES_AGGRESSIVE;
				GCC_WARN_UNUSED_FUNCTION = YES;
				GCC_WARN_UNUSED_VARIABLE = YES;
				IPHONEOS_DEPLOYMENT_TARGET = 15.0;
				MTL_ENABLE_DEBUG_INFO = INCLUDE_SOURCE;
				MTL_FAST_MATH = YES;
				ONLY_ACTIVE_ARCH = YES;
				SDKROOT = iphoneos;
				SWIFT_ACTIVE_COMPILATION_CONDITIONS = DEBUG;
				SWIFT_OPTIMIZATION_LEVEL = "-Onone";
			};
			name = Debug;
		};
		2F1CAA272767941A00A7B8E3 /* Release */ = {
			isa = XCBuildConfiguration;
			buildSettings = {
				ALWAYS_SEARCH_USER_PATHS = NO;
				CLANG_ANALYZER_NONNULL = YES;
				CLANG_ANALYZER_NUMBER_OBJECT_CONVERSION = YES_AGGRESSIVE;
				CLANG_CXX_LANGUAGE_STANDARD = "gnu++17";
				CLANG_CXX_LIBRARY = "libc++";
				CLANG_ENABLE_MODULES = YES;
				CLANG_ENABLE_OBJC_ARC = YES;
				CLANG_ENABLE_OBJC_WEAK = YES;
				CLANG_WARN_BLOCK_CAPTURE_AUTORELEASING = YES;
				CLANG_WARN_BOOL_CONVERSION = YES;
				CLANG_WARN_COMMA = YES;
				CLANG_WARN_CONSTANT_CONVERSION = YES;
				CLANG_WARN_DEPRECATED_OBJC_IMPLEMENTATIONS = YES;
				CLANG_WARN_DIRECT_OBJC_ISA_USAGE = YES_ERROR;
				CLANG_WARN_DOCUMENTATION_COMMENTS = YES;
				CLANG_WARN_EMPTY_BODY = YES;
				CLANG_WARN_ENUM_CONVERSION = YES;
				CLANG_WARN_INFINITE_RECURSION = YES;
				CLANG_WARN_INT_CONVERSION = YES;
				CLANG_WARN_NON_LITERAL_NULL_CONVERSION = YES;
				CLANG_WARN_OBJC_IMPLICIT_RETAIN_SELF = YES;
				CLANG_WARN_OBJC_LITERAL_CONVERSION = YES;
				CLANG_WARN_OBJC_ROOT_CLASS = YES_ERROR;
				CLANG_WARN_QUOTED_INCLUDE_IN_FRAMEWORK_HEADER = YES;
				CLANG_WARN_RANGE_LOOP_ANALYSIS = YES;
				CLANG_WARN_STRICT_PROTOTYPES = YES;
				CLANG_WARN_SUSPICIOUS_MOVE = YES;
				CLANG_WARN_UNGUARDED_AVAILABILITY = YES_AGGRESSIVE;
				CLANG_WARN_UNREACHABLE_CODE = YES;
				CLANG_WARN__DUPLICATE_METHOD_MATCH = YES;
				COPY_PHASE_STRIP = NO;
				DEBUG_INFORMATION_FORMAT = "dwarf-with-dsym";
				ENABLE_NS_ASSERTIONS = NO;
				ENABLE_STRICT_OBJC_MSGSEND = YES;
				GCC_C_LANGUAGE_STANDARD = gnu11;
				GCC_NO_COMMON_BLOCKS = YES;
				GCC_WARN_64_TO_32_BIT_CONVERSION = YES;
				GCC_WARN_ABOUT_RETURN_TYPE = YES_ERROR;
				GCC_WARN_UNDECLARED_SELECTOR = YES;
				GCC_WARN_UNINITIALIZED_AUTOS = YES_AGGRESSIVE;
				GCC_WARN_UNUSED_FUNCTION = YES;
				GCC_WARN_UNUSED_VARIABLE = YES;
				IPHONEOS_DEPLOYMENT_TARGET = 15.0;
				MTL_ENABLE_DEBUG_INFO = NO;
				MTL_FAST_MATH = YES;
				SDKROOT = iphoneos;
				SWIFT_COMPILATION_MODE = wholemodule;
				SWIFT_OPTIMIZATION_LEVEL = "-O";
				VALIDATE_PRODUCT = YES;
			};
			name = Release;
		};
		2F1CAA292767941A00A7B8E3 /* Debug */ = {
			isa = XCBuildConfiguration;
			buildSettings = {
				ASSETCATALOG_COMPILER_APPICON_NAME = AppIcon;
				ASSETCATALOG_COMPILER_GLOBAL_ACCENT_COLOR_NAME = AccentColor;
				CODE_SIGN_STYLE = Automatic;
				CURRENT_PROJECT_VERSION = 1;
				DEVELOPMENT_TEAM = Q74WH8RVH5;
				GENERATE_INFOPLIST_FILE = YES;
				INFOPLIST_FILE = BMITrackingApp/Info.plist;
				INFOPLIST_KEY_UIApplicationSupportsIndirectInputEvents = YES;
				INFOPLIST_KEY_UILaunchStoryboardName = LaunchScreen;
				INFOPLIST_KEY_UIMainStoryboardFile = Main;
				INFOPLIST_KEY_UISupportedInterfaceOrientations_iPad = "UIInterfaceOrientationPortrait UIInterfaceOrientationPortraitUpsideDown UIInterfaceOrientationLandscapeLeft UIInterfaceOrientationLandscapeRight";
				INFOPLIST_KEY_UISupportedInterfaceOrientations_iPhone = "UIInterfaceOrientationPortrait UIInterfaceOrientationLandscapeLeft UIInterfaceOrientationLandscapeRight";
				LD_RUNPATH_SEARCH_PATHS = (
					"$(inherited)",
					"@executable_path/Frameworks",
				);
				MARKETING_VERSION = 1.0;
				PRODUCT_BUNDLE_IDENTIFIER = centennialcollege.ca.BMITrackingApp;
				PRODUCT_NAME = "$(TARGET_NAME)";
				SWIFT_EMIT_LOC_STRINGS = YES;
				SWIFT_VERSION = 5.0;
				TARGETED_DEVICE_FAMILY = "1,2";
			};
			name = Debug;
		};
		2F1CAA2A2767941A00A7B8E3 /* Release */ = {
			isa = XCBuildConfiguration;
			buildSettings = {
				ASSETCATALOG_COMPILER_APPICON_NAME = AppIcon;
				ASSETCATALOG_COMPILER_GLOBAL_ACCENT_COLOR_NAME = AccentColor;
				CODE_SIGN_STYLE = Automatic;
				CURRENT_PROJECT_VERSION = 1;
				DEVELOPMENT_TEAM = Q74WH8RVH5;
				GENERATE_INFOPLIST_FILE = YES;
				INFOPLIST_FILE = BMITrackingApp/Info.plist;
				INFOPLIST_KEY_UIApplicationSupportsIndirectInputEvents = YES;
				INFOPLIST_KEY_UILaunchStoryboardName = LaunchScreen;
				INFOPLIST_KEY_UIMainStoryboardFile = Main;
				INFOPLIST_KEY_UISupportedInterfaceOrientations_iPad = "UIInterfaceOrientationPortrait UIInterfaceOrientationPortraitUpsideDown UIInterfaceOrientationLandscapeLeft UIInterfaceOrientationLandscapeRight";
				INFOPLIST_KEY_UISupportedInterfaceOrientations_iPhone = "UIInterfaceOrientationPortrait UIInterfaceOrientationLandscapeLeft UIInterfaceOrientationLandscapeRight";
				LD_RUNPATH_SEARCH_PATHS = (
					"$(inherited)",
					"@executable_path/Frameworks",
				);
				MARKETING_VERSION = 1.0;
				PRODUCT_BUNDLE_IDENTIFIER = centennialcollege.ca.BMITrackingApp;
				PRODUCT_NAME = "$(TARGET_NAME)";
				SWIFT_EMIT_LOC_STRINGS = YES;
				SWIFT_VERSION = 5.0;
				TARGETED_DEVICE_FAMILY = "1,2";
			};
			name = Release;
		};
/* End XCBuildConfiguration section */

/* Begin XCConfigurationList section */
		2F1CAA0C2767941900A7B8E3 /* Build configuration list for PBXProject "BMITrackingApp" */ = {
			isa = XCConfigurationList;
			buildConfigurations = (
				2F1CAA262767941A00A7B8E3 /* Debug */,
				2F1CAA272767941A00A7B8E3 /* Release */,
			);
			defaultConfigurationIsVisible = 0;
			defaultConfigurationName = Release;
		};
		2F1CAA282767941A00A7B8E3 /* Build configuration list for PBXNativeTarget "BMITrackingApp" */ = {
			isa = XCConfigurationList;
			buildConfigurations = (
				2F1CAA292767941A00A7B8E3 /* Debug */,
				2F1CAA2A2767941A00A7B8E3 /* Release */,
			);
			defaultConfigurationIsVisible = 0;
			defaultConfigurationName = Release;
		};
/* End XCConfigurationList section */

/* Begin XCVersionGroup section */
		2F1CAA1D2767941900A7B8E3 /* BMITrackingApp.xcdatamodeld */ = {
			isa = XCVersionGroup;
			children = (
				2F1CAA1E2767941900A7B8E3 /* BMITrackingApp.xcdatamodel */,
			);
			currentVersion = 2F1CAA1E2767941900A7B8E3 /* BMITrackingApp.xcdatamodel */;
			path = BMITrackingApp.xcdatamodeld;
			sourceTree = "<group>";
			versionGroupType = wrapper.xcdatamodel;
		};
/* End XCVersionGroup section */
	};
	rootObject = 2F1CAA092767941900A7B8E3 /* Project object */;
}
